
Microsoft Visual Studio Solution File, Format Version 12.00
# Visual Studio 2013
VisualStudioVersion = 12.0.21005.1
MinimumVisualStudioVersion = 10.0.40219.1
Project("{FAE04EC0-301F-11D3-BF4B-00C04F79EFBC}") = "Explorer", "Explorer\Explorer.csproj", "{0C7A1F88-8B92-4CD0-AD2F-12CBDAC2B522}"
	ProjectSection(ProjectDependencies) = postProject
		{F4A36B10-84A9-4376-A8BF-BE3E33E6458A} = {F4A36B10-84A9-4376-A8BF-BE3E33E6458A}
		{65345113-F14F-4EC4-A13A-A188FAA1AC9D} = {65345113-F14F-4EC4-A13A-A188FAA1AC9D}
		{B6166827-AA20-471C-81C5-912F75040D62} = {B6166827-AA20-471C-81C5-912F75040D62}
		{D1EAB747-DFBF-4D2F-B36A-25DD5F71F12B} = {D1EAB747-DFBF-4D2F-B36A-25DD5F71F12B}
		{ED321857-409A-4BBF-8B93-CAA919BCA529} = {ED321857-409A-4BBF-8B93-CAA919BCA529}
		{075CC06A-38B4-4F27-84BA-29078BB5C4A8} = {075CC06A-38B4-4F27-84BA-29078BB5C4A8}
		{7079DC71-6B90-47A7-BB0F-B061F6861D37} = {7079DC71-6B90-47A7-BB0F-B061F6861D37}
		{7A1F3AB0-C5E3-4234-A9D5-D15EF65714B0} = {7A1F3AB0-C5E3-4234-A9D5-D15EF65714B0}
		{66D7FAD9-397F-4EC6-AD2A-02BAB75FD284} = {66D7FAD9-397F-4EC6-AD2A-02BAB75FD284}
		{8E0584E3-38C9-4C48-8EB2-DC3168C1F680} = {8E0584E3-38C9-4C48-8EB2-DC3168C1F680}
	EndProjectSection
EndProject
Project("{FAE04EC0-301F-11D3-BF4B-00C04F79EFBC}") = "RawMaterialManagement", "RawMaterialManagement\RawMaterialManagement.csproj", "{075CC06A-38B4-4F27-84BA-29078BB5C4A8}"
	ProjectSection(ProjectDependencies) = postProject
		{7079DC71-6B90-47A7-BB0F-B061F6861D37} = {7079DC71-6B90-47A7-BB0F-B061F6861D37}
	EndProjectSection
EndProject
Project("{FAE04EC0-301F-11D3-BF4B-00C04F79EFBC}") = "SalesManagement", "SalesManagement\SalesManagement.csproj", "{B6166827-AA20-471C-81C5-912F75040D62}"
EndProject
Project("{FAE04EC0-301F-11D3-BF4B-00C04F79EFBC}") = "MySQLDatabaseAccess", "MySQLDatabaseAccess\MySQLDatabaseAccess.csproj", "{7A1F3AB0-C5E3-4234-A9D5-D15EF65714B0}"
EndProject
Project("{FAE04EC0-301F-11D3-BF4B-00C04F79EFBC}") = "DistributionManagement", "DistributionManagement\DistributionManagement.csproj", "{F4A36B10-84A9-4376-A8BF-BE3E33E6458A}"
EndProject
Project("{FAE04EC0-301F-11D3-BF4B-00C04F79EFBC}") = "ProductProcessManagement", "ProductProcessManagement\ProductProcessManagement.csproj", "{D1EAB747-DFBF-4D2F-B36A-25DD5F71F12B}"
EndProject
Project("{FAE04EC0-301F-11D3-BF4B-00C04F79EFBC}") = "UserManagement", "UserManagement\UserManagement.csproj", "{8E0584E3-38C9-4C48-8EB2-DC3168C1F680}"
EndProject
Project("{FAE04EC0-301F-11D3-BF4B-00C04F79EFBC}") = "FrameworkControls", "FrameworkControls\FrameworkControls.csproj", "{7079DC71-6B90-47A7-BB0F-B061F6861D37}"
EndProject
Project("{FAE04EC0-301F-11D3-BF4B-00C04F79EFBC}") = "FinanceManagement", "FinanceManagement\FinanceManagement.csproj", "{65345113-F14F-4EC4-A13A-A188FAA1AC9D}"
EndProject
Project("{FAE04EC0-301F-11D3-BF4B-00C04F79EFBC}") = "HRManagement", "HRManagement\HRManagement.csproj", "{66D7FAD9-397F-4EC6-AD2A-02BAB75FD284}"
EndProject
Project("{FAE04EC0-301F-11D3-BF4B-00C04F79EFBC}") = "FinishedGoodManagement", "FinishedGoodManagement\FinishedGoodManagement.csproj", "{ED321857-409A-4BBF-8B93-CAA919BCA529}"
EndProject
Global
	GlobalSection(SolutionConfigurationPlatforms) = preSolution
		Debug|Any CPU = Debug|Any CPU
		Debug|Mixed Platforms = Debug|Mixed Platforms
		Release|Any CPU = Release|Any CPU
		Release|Mixed Platforms = Release|Mixed Platforms
	EndGlobalSection
	GlobalSection(ProjectConfigurationPlatforms) = postSolution
		{0C7A1F88-8B92-4CD0-AD2F-12CBDAC2B522}.Debug|Any CPU.ActiveCfg = Debug|Any CPU
		{0C7A1F88-8B92-4CD0-AD2F-12CBDAC2B522}.Debug|Any CPU.Build.0 = Debug|Any CPU
		{0C7A1F88-8B92-4CD0-AD2F-12CBDAC2B522}.Debug|Mixed Platforms.ActiveCfg = Debug|Any CPU
		{0C7A1F88-8B92-4CD0-AD2F-12CBDAC2B522}.Debug|Mixed Platforms.Build.0 = Debug|Any CPU
		{0C7A1F88-8B92-4CD0-AD2F-12CBDAC2B522}.Release|Any CPU.ActiveCfg = Release|Any CPU
		{0C7A1F88-8B92-4CD0-AD2F-12CBDAC2B522}.Release|Any CPU.Build.0 = Release|Any CPU
		{0C7A1F88-8B92-4CD0-AD2F-12CBDAC2B522}.Release|Mixed Platforms.ActiveCfg = Release|Any CPU
		{0C7A1F88-8B92-4CD0-AD2F-12CBDAC2B522}.Release|Mixed Platforms.Build.0 = Release|Any CPU
		{075CC06A-38B4-4F27-84BA-29078BB5C4A8}.Debug|Any CPU.ActiveCfg = Debug|Any CPU
		{075CC06A-38B4-4F27-84BA-29078BB5C4A8}.Debug|Any CPU.Build.0 = Debug|Any CPU
		{075CC06A-38B4-4F27-84BA-29078BB5C4A8}.Debug|Mixed Platforms.ActiveCfg = Debug|Any CPU
		{075CC06A-38B4-4F27-84BA-29078BB5C4A8}.Debug|Mixed Platforms.Build.0 = Debug|Any CPU
		{075CC06A-38B4-4F27-84BA-29078BB5C4A8}.Release|Any CPU.ActiveCfg = Release|Any CPU
		{075CC06A-38B4-4F27-84BA-29078BB5C4A8}.Release|Any CPU.Build.0 = Release|Any CPU
		{075CC06A-38B4-4F27-84BA-29078BB5C4A8}.Release|Mixed Platforms.ActiveCfg = Release|Any CPU
		{075CC06A-38B4-4F27-84BA-29078BB5C4A8}.Release|Mixed Platforms.Build.0 = Release|Any CPU
		{B6166827-AA20-471C-81C5-912F75040D62}.Debug|Any CPU.ActiveCfg = Debug|Any CPU
		{B6166827-AA20-471C-81C5-912F75040D62}.Debug|Any CPU.Build.0 = Debug|Any CPU
		{B6166827-AA20-471C-81C5-912F75040D62}.Debug|Mixed Platforms.ActiveCfg = Debug|Any CPU
		{B6166827-AA20-471C-81C5-912F75040D62}.Debug|Mixed Platforms.Build.0 = Debug|Any CPU
		{B6166827-AA20-471C-81C5-912F75040D62}.Release|Any CPU.ActiveCfg = Release|Any CPU
		{B6166827-AA20-471C-81C5-912F75040D62}.Release|Any CPU.Build.0 = Release|Any CPU
		{B6166827-AA20-471C-81C5-912F75040D62}.Release|Mixed Platforms.ActiveCfg = Release|Any CPU
		{B6166827-AA20-471C-81C5-912F75040D62}.Release|Mixed Platforms.Build.0 = Release|Any CPU
		{7A1F3AB0-C5E3-4234-A9D5-D15EF65714B0}.Debug|Any CPU.ActiveCfg = Debug|Any CPU
		{7A1F3AB0-C5E3-4234-A9D5-D15EF65714B0}.Debug|Any CPU.Build.0 = Debug|Any CPU
		{7A1F3AB0-C5E3-4234-A9D5-D15EF65714B0}.Debug|Mixed Platforms.ActiveCfg = Debug|Any CPU
		{7A1F3AB0-C5E3-4234-A9D5-D15EF65714B0}.Debug|Mixed Platforms.Build.0 = Debug|Any CPU
		{7A1F3AB0-C5E3-4234-A9D5-D15EF65714B0}.Release|Any CPU.ActiveCfg = Release|Any CPU
		{7A1F3AB0-C5E3-4234-A9D5-D15EF65714B0}.Release|Any CPU.Build.0 = Release|Any CPU
		{7A1F3AB0-C5E3-4234-A9D5-D15EF65714B0}.Release|Mixed Platforms.ActiveCfg = Release|Any CPU
		{7A1F3AB0-C5E3-4234-A9D5-D15EF65714B0}.Release|Mixed Platforms.Build.0 = Release|Any CPU
		{F4A36B10-84A9-4376-A8BF-BE3E33E6458A}.Debug|Any CPU.ActiveCfg = Debug|x86
		{F4A36B10-84A9-4376-A8BF-BE3E33E6458A}.Debug|Any CPU.Build.0 = Debug|x86
		{F4A36B10-84A9-4376-A8BF-BE3E33E6458A}.Debug|Mixed Platforms.ActiveCfg = Debug|x86
		{F4A36B10-84A9-4376-A8BF-BE3E33E6458A}.Debug|Mixed Platforms.Build.0 = Debug|x86
		{F4A36B10-84A9-4376-A8BF-BE3E33E6458A}.Release|Any CPU.ActiveCfg = Release|x86
		{F4A36B10-84A9-4376-A8BF-BE3E33E6458A}.Release|Mixed Platforms.ActiveCfg = Release|x86
		{F4A36B10-84A9-4376-A8BF-BE3E33E6458A}.Release|Mixed Platforms.Build.0 = Release|x86
		{D1EAB747-DFBF-4D2F-B36A-25DD5F71F12B}.Debug|Any CPU.ActiveCfg = Debug|Any CPU
		{D1EAB747-DFBF-4D2F-B36A-25DD5F71F12B}.Debug|Any CPU.Build.0 = Debug|Any CPU
		{D1EAB747-DFBF-4D2F-B36A-25DD5F71F12B}.Debug|Mixed Platforms.ActiveCfg = Debug|Any CPU
		{D1EAB747-DFBF-4D2F-B36A-25DD5F71F12B}.Debug|Mixed Platforms.Build.0 = Debug|Any CPU
		{D1EAB747-DFBF-4D2F-B36A-25DD5F71F12B}.Release|Any CPU.ActiveCfg = Release|Any CPU
		{D1EAB747-DFBF-4D2F-B36A-25DD5F71F12B}.Release|Any CPU.Build.0 = Release|Any CPU
		{D1EAB747-DFBF-4D2F-B36A-25DD5F71F12B}.Release|Mixed Platforms.ActiveCfg = Release|Any CPU
		{D1EAB747-DFBF-4D2F-B36A-25DD5F71F12B}.Release|Mixed Platforms.Build.0 = Release|Any CPU
		{8E0584E3-38C9-4C48-8EB2-DC3168C1F680}.Debug|Any CPU.ActiveCfg = Debug|Any CPU
		{8E0584E3-38C9-4C48-8EB2-DC3168C1F680}.Debug|Any CPU.Build.0 = Debug|Any CPU
		{8E0584E3-38C9-4C48-8EB2-DC3168C1F680}.Debug|Mixed Platforms.ActiveCfg = Debug|Any CPU
		{8E0584E3-38C9-4C48-8EB2-DC3168C1F680}.Debug|Mixed Platforms.Build.0 = Debug|Any CPU
		{8E0584E3-38C9-4C48-8EB2-DC3168C1F680}.Release|Any CPU.ActiveCfg = Release|Any CPU
		{8E0584E3-38C9-4C48-8EB2-DC3168C1F680}.Release|Any CPU.Build.0 = Release|Any CPU
		{8E0584E3-38C9-4C48-8EB2-DC3168C1F680}.Release|Mixed Platforms.ActiveCfg = Release|Any CPU
		{8E0584E3-38C9-4C48-8EB2-DC3168C1F680}.Release|Mixed Platforms.Build.0 = Release|Any CPU
		{7079DC71-6B90-47A7-BB0F-B061F6861D37}.Debug|Any CPU.ActiveCfg = Debug|Any CPU
		{7079DC71-6B90-47A7-BB0F-B061F6861D37}.Debug|Any CPU.Build.0 = Debug|Any CPU
		{7079DC71-6B90-47A7-BB0F-B061F6861D37}.Debug|Mixed Platforms.ActiveCfg = Debug|Any CPU
		{7079DC71-6B90-47A7-BB0F-B061F6861D37}.Debug|Mixed Platforms.Build.0 = Debug|Any CPU
		{7079DC71-6B90-47A7-BB0F-B061F6861D37}.Release|Any CPU.ActiveCfg = Release|Any CPU
		{7079DC71-6B90-47A7-BB0F-B061F6861D37}.Release|Any CPU.Build.0 = Release|Any CPU
		{7079DC71-6B90-47A7-BB0F-B061F6861D37}.Release|Mixed Platforms.ActiveCfg = Release|Any CPU
		{7079DC71-6B90-47A7-BB0F-B061F6861D37}.Release|Mixed Platforms.Build.0 = Release|Any CPU
		{65345113-F14F-4EC4-A13A-A188FAA1AC9D}.Debug|Any CPU.ActiveCfg = Debug|Any CPU
		{65345113-F14F-4EC4-A13A-A188FAA1AC9D}.Debug|Any CPU.Build.0 = Debug|Any CPU
		{65345113-F14F-4EC4-A13A-A188FAA1AC9D}.Debug|Mixed Platforms.ActiveCfg = Debug|Any CPU
		{65345113-F14F-4EC4-A13A-A188FAA1AC9D}.Debug|Mixed Platforms.Build.0 = Debug|Any CPU
		{65345113-F14F-4EC4-A13A-A188FAA1AC9D}.Release|Any CPU.ActiveCfg = Release|Any CPU
		{65345113-F14F-4EC4-A13A-A188FAA1AC9D}.Release|Any CPU.Build.0 = Release|Any CPU
		{65345113-F14F-4EC4-A13A-A188FAA1AC9D}.Release|Mixed Platforms.ActiveCfg = Release|Any CPU
		{65345113-F14F-4EC4-A13A-A188FAA1AC9D}.Release|Mixed Platforms.Build.0 = Release|Any CPU
		{66D7FAD9-397F-4EC6-AD2A-02BAB75FD284}.Debug|Any CPU.ActiveCfg = Debug|Any CPU
		{66D7FAD9-397F-4EC6-AD2A-02BAB75FD284}.Debug|Any CPU.Build.0 = Debug|Any CPU
		{66D7FAD9-397F-4EC6-AD2A-02BAB75FD284}.Debug|Mixed Platforms.ActiveCfg = Debug|Any CPU
		{66D7FAD9-397F-4EC6-AD2A-02BAB75FD284}.Debug|Mixed Platforms.Build.0 = Debug|Any CPU
		{66D7FAD9-397F-4EC6-AD2A-02BAB75FD284}.Release|Any CPU.ActiveCfg = Release|Any CPU
		{66D7FAD9-397F-4EC6-AD2A-02BAB75FD284}.Release|Any CPU.Build.0 = Release|Any CPU
		{66D7FAD9-397F-4EC6-AD2A-02BAB75FD284}.Release|Mixed Platforms.ActiveCfg = Release|Any CPU
		{66D7FAD9-397F-4EC6-AD2A-02BAB75FD284}.Release|Mixed Platforms.Build.0 = Release|Any CPU
		{ED321857-409A-4BBF-8B93-CAA919BCA529}.Debug|Any CPU.ActiveCfg = Debug|Any CPU
		{ED321857-409A-4BBF-8B93-CAA919BCA529}.Debug|Any CPU.Build.0 = Debug|Any CPU
		{ED321857-409A-4BBF-8B93-CAA919BCA529}.Debug|Mixed Platforms.ActiveCfg = Debug|Any CPU
		{ED321857-409A-4BBF-8B93-CAA919BCA529}.Debug|Mixed Platforms.Build.0 = Debug|Any CPU
		{ED321857-409A-4BBF-8B93-CAA919BCA529}.Release|Any CPU.ActiveCfg = Release|Any CPU
		{ED321857-409A-4BBF-8B93-CAA919BCA529}.Release|Any CPU.Build.0 = Release|Any CPU
		{ED321857-409A-4BBF-8B93-CAA919BCA529}.Release|Mixed Platforms.ActiveCfg = Release|Any CPU
		{ED321857-409A-4BBF-8B93-CAA919BCA529}.Release|Mixed Platforms.Build.0 = Release|Any CPU
	EndGlobalSection
	GlobalSection(SolutionProperties) = preSolution
		HideSolutionNode = FALSE
	EndGlobalSection
EndGlobal
