
Microsoft Visual Studio Solution File, Format Version 12.00
# Visual Studio 2013
VisualStudioVersion = 12.0.21005.1
MinimumVisualStudioVersion = 10.0.40219.1
Project("{FAE04EC0-301F-11D3-BF4B-00C04F79EFBC}") = "Explorer", "Explorer\Explorer.csproj", "{0C7A1F88-8B92-4CD0-AD2F-12CBDAC2B522}"
EndProject
Project("{FAE04EC0-301F-11D3-BF4B-00C04F79EFBC}") = "RawMaterialManagement", "RawMaterialManagement\RawMaterialManagement.csproj", "{075CC06A-38B4-4F27-84BA-29078BB5C4A8}"
EndProject
Project("{FAE04EC0-301F-11D3-BF4B-00C04F79EFBC}") = "HR Management", "HRManagement\HR Management.csproj", "{66D7FAD9-397F-4EC6-AD2A-02BAB75FD284}"
EndProject
Project("{FAE04EC0-301F-11D3-BF4B-00C04F79EFBC}") = "FinanceManagement", "FinanceManagement\FinanceManagement.csproj", "{A91848AE-3044-4C59-B940-8F021FA4E4C5}"
EndProject
Project("{FAE04EC0-301F-11D3-BF4B-00C04F79EFBC}") = "InventoryManagement", "InventoryManagement\InventoryManagement.csproj", "{2A1B25E8-1DC9-46FD-9A2A-F3537B9325B7}"
EndProject
Project("{FAE04EC0-301F-11D3-BF4B-00C04F79EFBC}") = "SalesManagement", "SalesManagement\SalesManagement.csproj", "{B6166827-AA20-471C-81C5-912F75040D62}"
EndProject
Project("{FAE04EC0-301F-11D3-BF4B-00C04F79EFBC}") = "MySQLDatabaseAccess", "MySQLDatabaseAccess\MySQLDatabaseAccess.csproj", "{7A1F3AB0-C5E3-4234-A9D5-D15EF65714B0}"
EndProject
Global
	GlobalSection(SolutionConfigurationPlatforms) = preSolution
		Debug|Any CPU = Debug|Any CPU
		Release|Any CPU = Release|Any CPU
	EndGlobalSection
	GlobalSection(ProjectConfigurationPlatforms) = postSolution
		{0C7A1F88-8B92-4CD0-AD2F-12CBDAC2B522}.Debug|Any CPU.ActiveCfg = Debug|Any CPU
		{0C7A1F88-8B92-4CD0-AD2F-12CBDAC2B522}.Debug|Any CPU.Build.0 = Debug|Any CPU
		{0C7A1F88-8B92-4CD0-AD2F-12CBDAC2B522}.Release|Any CPU.ActiveCfg = Release|Any CPU
		{0C7A1F88-8B92-4CD0-AD2F-12CBDAC2B522}.Release|Any CPU.Build.0 = Release|Any CPU
		{075CC06A-38B4-4F27-84BA-29078BB5C4A8}.Debug|Any CPU.ActiveCfg = Debug|Any CPU
		{075CC06A-38B4-4F27-84BA-29078BB5C4A8}.Debug|Any CPU.Build.0 = Debug|Any CPU
		{075CC06A-38B4-4F27-84BA-29078BB5C4A8}.Release|Any CPU.ActiveCfg = Release|Any CPU
		{075CC06A-38B4-4F27-84BA-29078BB5C4A8}.Release|Any CPU.Build.0 = Release|Any CPU
		{66D7FAD9-397F-4EC6-AD2A-02BAB75FD284}.Debug|Any CPU.ActiveCfg = Debug|Any CPU
		{66D7FAD9-397F-4EC6-AD2A-02BAB75FD284}.Debug|Any CPU.Build.0 = Debug|Any CPU
		{66D7FAD9-397F-4EC6-AD2A-02BAB75FD284}.Release|Any CPU.ActiveCfg = Release|Any CPU
		{66D7FAD9-397F-4EC6-AD2A-02BAB75FD284}.Release|Any CPU.Build.0 = Release|Any CPU
		{A91848AE-3044-4C59-B940-8F021FA4E4C5}.Debug|Any CPU.ActiveCfg = Debug|Any CPU
		{A91848AE-3044-4C59-B940-8F021FA4E4C5}.Debug|Any CPU.Build.0 = Debug|Any CPU
		{A91848AE-3044-4C59-B940-8F021FA4E4C5}.Release|Any CPU.ActiveCfg = Release|Any CPU
		{A91848AE-3044-4C59-B940-8F021FA4E4C5}.Release|Any CPU.Build.0 = Release|Any CPU
		{2A1B25E8-1DC9-46FD-9A2A-F3537B9325B7}.Debug|Any CPU.ActiveCfg = Debug|Any CPU
		{2A1B25E8-1DC9-46FD-9A2A-F3537B9325B7}.Debug|Any CPU.Build.0 = Debug|Any CPU
		{2A1B25E8-1DC9-46FD-9A2A-F3537B9325B7}.Release|Any CPU.ActiveCfg = Release|Any CPU
		{2A1B25E8-1DC9-46FD-9A2A-F3537B9325B7}.Release|Any CPU.Build.0 = Release|Any CPU
		{B6166827-AA20-471C-81C5-912F75040D62}.Debug|Any CPU.ActiveCfg = Debug|Any CPU
		{B6166827-AA20-471C-81C5-912F75040D62}.Debug|Any CPU.Build.0 = Debug|Any CPU
		{B6166827-AA20-471C-81C5-912F75040D62}.Release|Any CPU.ActiveCfg = Release|Any CPU
		{B6166827-AA20-471C-81C5-912F75040D62}.Release|Any CPU.Build.0 = Release|Any CPU
		{7A1F3AB0-C5E3-4234-A9D5-D15EF65714B0}.Debug|Any CPU.ActiveCfg = Debug|Any CPU
		{7A1F3AB0-C5E3-4234-A9D5-D15EF65714B0}.Debug|Any CPU.Build.0 = Debug|Any CPU
		{7A1F3AB0-C5E3-4234-A9D5-D15EF65714B0}.Release|Any CPU.ActiveCfg = Release|Any CPU
		{7A1F3AB0-C5E3-4234-A9D5-D15EF65714B0}.Release|Any CPU.Build.0 = Release|Any CPU
	EndGlobalSection
	GlobalSection(SolutionProperties) = preSolution
		HideSolutionNode = FALSE
	EndGlobalSection
EndGlobal
